{
  "name": "@mason/ast-grep",
  "version": "1.0.0",
  "lockfileVersion": 2,
  "requires": true,
  "packages": {
    "": {
      "name": "@mason/ast-grep",
      "version": "1.0.0",
      "license": "ISC",
      "dependencies": {
        "@ast-grep/cli": "^0.24.1"
      }
    },
    "node_modules/@ast-grep/cli": {
      "version": "0.24.1",
      "resolved": "https://registry.npmjs.org/@ast-grep/cli/-/cli-0.24.1.tgz",
      "integrity": "sha512-FgUFTECYawnU1PGcD4O+Z/1hcPBo63/krp0PrGPhIZzuq/grXfLk6RGIAgT1Sk16N7lqrKlS4eEAO8mBH0PILw==",
      "hasInstallScript": true,
      "dependencies": {
        "detect-libc": "2.0.3"
      },
      "bin": {
        "ast-grep": "ast-grep",
        "sg": "sg"
      },
      "engines": {
        "node": ">= 12.0.0"
      },
      "optionalDependencies": {
        "@ast-grep/cli-darwin-arm64": "0.24.1",
        "@ast-grep/cli-darwin-x64": "0.24.1",
        "@ast-grep/cli-linux-arm64-gnu": "0.24.1",
        "@ast-grep/cli-linux-x64-gnu": "0.24.1",
        "@ast-grep/cli-win32-arm64-msvc": "0.24.1",
        "@ast-grep/cli-win32-ia32-msvc": "0.24.1",
        "@ast-grep/cli-win32-x64-msvc": "0.24.1"
      }
    },
    "node_modules/@ast-grep/cli/node_modules/@ast-grep/cli-darwin-arm64": {
      "version": "0.24.1",
      "resolved": "https://registry.npmjs.org/@ast-grep/cli-darwin-arm64/-/cli-darwin-arm64-0.24.1.tgz",
      "integrity": "sha512-fxCMiwbgwEe0mg2Rk7zgMidKYIDm78uDPBkUHcTxiK1NnS6VdjlBUZKGF4sXY0kUoNnAhSq/tN5q0A7//kFF3Q==",
      "cpu": [
        "arm64"
      ],
      "optional": true,
      "os": [
        "darwin"
      ],
      "engines": {
        "node": ">= 10"
      }
    },
    "node_modules/@ast-grep/cli/node_modules/@ast-grep/cli-darwin-x64": {
      "version": "0.24.1",
      "resolved": "https://registry.npmjs.org/@ast-grep/cli-darwin-x64/-/cli-darwin-x64-0.24.1.tgz",
      "integrity": "sha512-sFrHao6OHP5FVVALgWsc4JViC2u+4Mmxo8KOp+W4n6OPSRGvLDBjclc6wMRabm01TV0zsx60aHnomGUHJl7Yiw==",
      "cpu": [
        "x64"
      ],
      "optional": true,
      "os": [
        "darwin"
      ],
      "engines": {
        "node": ">= 10"
      }
    },
    "node_modules/@ast-grep/cli/node_modules/@ast-grep/cli-linux-arm64-gnu": {
      "version": "0.24.1",
      "resolved": "https://registry.npmjs.org/@ast-grep/cli-linux-arm64-gnu/-/cli-linux-arm64-gnu-0.24.1.tgz",
      "integrity": "sha512-Xhr3G7yVJ4OgnfDb94kDRNBtTwTnFbBdJuA8WE/9dcbw2D/4nOMoCL1Z+wvXUw8+Gk/2rVi7m1hu02rY7kOE0Q==",
      "cpu": [
        "arm64"
      ],
      "optional": true,
      "os": [
        "linux"
      ],
      "engines": {
        "node": ">= 10"
      }
    },
    "node_modules/@ast-grep/cli/node_modules/@ast-grep/cli-linux-x64-gnu": {
      "version": "0.24.1",
      "resolved": "https://registry.npmjs.org/@ast-grep/cli-linux-x64-gnu/-/cli-linux-x64-gnu-0.24.1.tgz",
      "integrity": "sha512-9hmVidjHRFWev/PYR9W+f9HAffHtkpY7A8s1VHju6Yz0hXl0uhs1xX1ProuZHoGUSpUEWf4tG92oWhqqyjRrDg==",
      "cpu": [
        "x64"
      ],
      "optional": true,
      "os": [
        "linux"
      ],
      "engines": {
        "node": ">= 10"
      }
    },
    "node_modules/@ast-grep/cli/node_modules/@ast-grep/cli-win32-arm64-msvc": {
      "version": "0.24.1",
      "resolved": "https://registry.npmjs.org/@ast-grep/cli-win32-arm64-msvc/-/cli-win32-arm64-msvc-0.24.1.tgz",
      "integrity": "sha512-BRr4dbmirNXUGUZaMKlo9Y0yS0BHgLo+nr9tTVd0AxN5WKixIq4wDeXWt192ve9PQmRkoy3H7BeCLHySzapF0Q==",
      "cpu": [
        "arm64"
      ],
      "optional": true,
      "os": [
        "win32"
      ],
      "engines": {
        "node": ">= 10"
      }
    },
    "node_modules/@ast-grep/cli/node_modules/@ast-grep/cli-win32-ia32-msvc": {
      "version": "0.24.1",
      "resolved": "https://registry.npmjs.org/@ast-grep/cli-win32-ia32-msvc/-/cli-win32-ia32-msvc-0.24.1.tgz",
      "integrity": "sha512-2siLfAS/2yP4otf6ApSJeHM8erj9E/P98UrifsTv//9Qmwe6cigO54v1Wuf1HpkjQKckppDmLrmNcm6pNwGS5A==",
      "cpu": [
        "ia32"
      ],
      "optional": true,
      "os": [
        "win32"
      ],
      "engines": {
        "node": ">= 10"
      }
    },
    "node_modules/@ast-grep/cli/node_modules/@ast-grep/cli-win32-x64-msvc": {
      "version": "0.24.1",
      "resolved": "https://registry.npmjs.org/@ast-grep/cli-win32-x64-msvc/-/cli-win32-x64-msvc-0.24.1.tgz",
      "integrity": "sha512-Mv+bkF/zEHAnrQSrG2BuBIUvBAD+2QgK5CbzV1oNIDufSvMFiC1d/Cu375XUs+kNZlWh5Z2FHl4/BGNbfnT/pg==",
      "cpu": [
        "x64"
      ],
      "optional": true,
      "os": [
        "win32"
      ],
      "engines": {
        "node": ">= 10"
      }
    },
    "node_modules/@ast-grep/cli/node_modules/detect-libc": {
      "version": "2.0.3",
      "resolved": "https://registry.npmjs.org/detect-libc/-/detect-libc-2.0.3.tgz",
      "integrity": "sha512-bwy0MGW55bG41VqxxypOsdSdGqLwXPI/focwgTYCFMbdUiBAxLg9CFzG08sz2aqzknwiX7Hkl0bQENjg8iLByw==",
      "engines": {
        "node": ">=8"
      }
    }
  },
  "dependencies": {
    "@ast-grep/cli": {
      "version": "0.24.1",
      "resolved": "https://registry.npmjs.org/@ast-grep/cli/-/cli-0.24.1.tgz",
      "integrity": "sha512-FgUFTECYawnU1PGcD4O+Z/1hcPBo63/krp0PrGPhIZzuq/grXfLk6RGIAgT1Sk16N7lqrKlS4eEAO8mBH0PILw==",
      "requires": {
        "@ast-grep/cli-darwin-arm64": "0.24.1",
        "@ast-grep/cli-darwin-x64": "0.24.1",
        "@ast-grep/cli-linux-arm64-gnu": "0.24.1",
        "@ast-grep/cli-linux-x64-gnu": "0.24.1",
        "@ast-grep/cli-win32-arm64-msvc": "0.24.1",
        "@ast-grep/cli-win32-ia32-msvc": "0.24.1",
        "@ast-grep/cli-win32-x64-msvc": "0.24.1",
        "detect-libc": "2.0.3"
      },
      "dependencies": {
        "@ast-grep/cli-darwin-arm64": {
          "version": "0.24.1",
          "resolved": "https://registry.npmjs.org/@ast-grep/cli-darwin-arm64/-/cli-darwin-arm64-0.24.1.tgz",
          "integrity": "sha512-fxCMiwbgwEe0mg2Rk7zgMidKYIDm78uDPBkUHcTxiK1NnS6VdjlBUZKGF4sXY0kUoNnAhSq/tN5q0A7//kFF3Q==",
          "optional": true
        },
        "@ast-grep/cli-darwin-x64": {
          "version": "0.24.1",
          "resolved": "https://registry.npmjs.org/@ast-grep/cli-darwin-x64/-/cli-darwin-x64-0.24.1.tgz",
          "integrity": "sha512-sFrHao6OHP5FVVALgWsc4JViC2u+4Mmxo8KOp+W4n6OPSRGvLDBjclc6wMRabm01TV0zsx60aHnomGUHJl7Yiw==",
          "optional": true
        },
        "@ast-grep/cli-linux-arm64-gnu": {
          "version": "0.24.1",
          "resolved": "https://registry.npmjs.org/@ast-grep/cli-linux-arm64-gnu/-/cli-linux-arm64-gnu-0.24.1.tgz",
          "integrity": "sha512-Xhr3G7yVJ4OgnfDb94kDRNBtTwTnFbBdJuA8WE/9dcbw2D/4nOMoCL1Z+wvXUw8+Gk/2rVi7m1hu02rY7kOE0Q==",
          "optional": true
        },
        "@ast-grep/cli-linux-x64-gnu": {
          "version": "0.24.1",
          "resolved": "https://registry.npmjs.org/@ast-grep/cli-linux-x64-gnu/-/cli-linux-x64-gnu-0.24.1.tgz",
          "integrity": "sha512-9hmVidjHRFWev/PYR9W+f9HAffHtkpY7A8s1VHju6Yz0hXl0uhs1xX1ProuZHoGUSpUEWf4tG92oWhqqyjRrDg==",
          "optional": true
        },
        "@ast-grep/cli-win32-arm64-msvc": {
          "version": "0.24.1",
          "resolved": "https://registry.npmjs.org/@ast-grep/cli-win32-arm64-msvc/-/cli-win32-arm64-msvc-0.24.1.tgz",
          "integrity": "sha512-BRr4dbmirNXUGUZaMKlo9Y0yS0BHgLo+nr9tTVd0AxN5WKixIq4wDeXWt192ve9PQmRkoy3H7BeCLHySzapF0Q==",
          "optional": true
        },
        "@ast-grep/cli-win32-ia32-msvc": {
          "version": "0.24.1",
          "resolved": "https://registry.npmjs.org/@ast-grep/cli-win32-ia32-msvc/-/cli-win32-ia32-msvc-0.24.1.tgz",
          "integrity": "sha512-2siLfAS/2yP4otf6ApSJeHM8erj9E/P98UrifsTv//9Qmwe6cigO54v1Wuf1HpkjQKckppDmLrmNcm6pNwGS5A==",
          "optional": true
        },
        "@ast-grep/cli-win32-x64-msvc": {
          "version": "0.24.1",
          "resolved": "https://registry.npmjs.org/@ast-grep/cli-win32-x64-msvc/-/cli-win32-x64-msvc-0.24.1.tgz",
          "integrity": "sha512-Mv+bkF/zEHAnrQSrG2BuBIUvBAD+2QgK5CbzV1oNIDufSvMFiC1d/Cu375XUs+kNZlWh5Z2FHl4/BGNbfnT/pg==",
          "optional": true
        },
        "detect-libc": {
          "version": "2.0.3",
          "resolved": "https://registry.npmjs.org/detect-libc/-/detect-libc-2.0.3.tgz",
          "integrity": "sha512-bwy0MGW55bG41VqxxypOsdSdGqLwXPI/focwgTYCFMbdUiBAxLg9CFzG08sz2aqzknwiX7Hkl0bQENjg8iLByw=="
        }
      }
    }
  }
}
